// !$*UTF8*$!
{
	archiveVersion = 1;
	classes = {
	};
	objectVersion = 51;
	objects = {

/* Begin PBXBuildFile section */
		5F3B246523FD28460054CB9F /* SettingViewController.swift in Sources */ = {isa = PBXBuildFile; fileRef = 5F3B246423FD28460054CB9F /* SettingViewController.swift */; };
		5F4A3E6823FE5897006CF021 /* PhotoViewerViewController.swift in Sources */ = {isa = PBXBuildFile; fileRef = 5F4A3E6723FE5897006CF021 /* PhotoViewerViewController.swift */; };
		5F4A3E6A23FE59AA006CF021 /* PhotoViewerCell.swift in Sources */ = {isa = PBXBuildFile; fileRef = 5F4A3E6923FE59AA006CF021 /* PhotoViewerCell.swift */; };
		5F54207C23F2691400E69BAA /* MemoHeaderCellView.swift in Sources */ = {isa = PBXBuildFile; fileRef = 5F54207B23F2691400E69BAA /* MemoHeaderCellView.swift */; };
		5F54208023F2F36100E69BAA /* MemoPhotoItemCellView.swift in Sources */ = {isa = PBXBuildFile; fileRef = 5F54207F23F2F36100E69BAA /* MemoPhotoItemCellView.swift */; };
		5F58C82A23F6401200E2D3F0 /* ImageFileManager.swift in Sources */ = {isa = PBXBuildFile; fileRef = 5F58C82923F6401200E2D3F0 /* ImageFileManager.swift */; };
		5F84DCFB23FEB7ED00AFDDF3 /* ImageEditTools.swift in Sources */ = {isa = PBXBuildFile; fileRef = 5F84DCFA23FEB7ED00AFDDF3 /* ImageEditTools.swift */; };
		5F89FCAD23F6E45A00997AC6 /* ColorManager.swift in Sources */ = {isa = PBXBuildFile; fileRef = 5F89FCAC23F6E45A00997AC6 /* ColorManager.swift */; };
		5FAB777123F179810074A866 /* AppDelegate.swift in Sources */ = {isa = PBXBuildFile; fileRef = 5FAB777023F179810074A866 /* AppDelegate.swift */; };
		5FAB777323F179810074A866 /* SceneDelegate.swift in Sources */ = {isa = PBXBuildFile; fileRef = 5FAB777223F179810074A866 /* SceneDelegate.swift */; };
		5FAB777523F179810074A866 /* ViewController.swift in Sources */ = {isa = PBXBuildFile; fileRef = 5FAB777423F179810074A866 /* ViewController.swift */; };
		5FAB777A23F179840074A866 /* Assets.xcassets in Resources */ = {isa = PBXBuildFile; fileRef = 5FAB777923F179840074A866 /* Assets.xcassets */; };
		5FAB777D23F179840074A866 /* LaunchScreen.storyboard in Resources */ = {isa = PBXBuildFile; fileRef = 5FAB777B23F179840074A866 /* LaunchScreen.storyboard */; };
		5FAB778823F179840074A866 /* memo_appTests.swift in Sources */ = {isa = PBXBuildFile; fileRef = 5FAB778723F179840074A866 /* memo_appTests.swift */; };
		5FAB779323F179840074A866 /* memo_appUITests.swift in Sources */ = {isa = PBXBuildFile; fileRef = 5FAB779223F179840074A866 /* memo_appUITests.swift */; };
		5FAB77A523F180470074A866 /* Memo.swift in Sources */ = {isa = PBXBuildFile; fileRef = 5FAB77A423F180470074A866 /* Memo.swift */; };
		5FAB77A723F180540074A866 /* Photo.swift in Sources */ = {isa = PBXBuildFile; fileRef = 5FAB77A623F180540074A866 /* Photo.swift */; };
		5FAB77AA23F180740074A866 /* HttpManager.swift in Sources */ = {isa = PBXBuildFile; fileRef = 5FAB77A923F180740074A866 /* HttpManager.swift */; };
		5FAB77AC23F180830074A866 /* RealmManager.swift in Sources */ = {isa = PBXBuildFile; fileRef = 5FAB77AB23F180830074A866 /* RealmManager.swift */; };
		5FAB77AF23F1909A0074A866 /* MemoListCellView.swift in Sources */ = {isa = PBXBuildFile; fileRef = 5FAB77AE23F1909A0074A866 /* MemoListCellView.swift */; };
		5FAB77B123F19FE90074A866 /* MemoListViewController.swift in Sources */ = {isa = PBXBuildFile; fileRef = 5FAB77B023F19FE90074A866 /* MemoListViewController.swift */; };
		5FAB77B323F19FFD0074A866 /* MemoViewController.swift in Sources */ = {isa = PBXBuildFile; fileRef = 5FAB77B223F19FFD0074A866 /* MemoViewController.swift */; };
		5FCFCF6623F9269200E06AEF /* Localizable.strings in Resources */ = {isa = PBXBuildFile; fileRef = 5FCFCF6823F9269200E06AEF /* Localizable.strings */; };
		5FCFCF6E23F9273A00E06AEF /* StringExtension.swift in Sources */ = {isa = PBXBuildFile; fileRef = 5FCFCF6D23F9273A00E06AEF /* StringExtension.swift */; };
		7E2843569E0ED479C02A22EB /* Pods_memo_app.framework in Frameworks */ = {isa = PBXBuildFile; fileRef = 58E755DFCA019371B5B32634 /* Pods_memo_app.framework */; };
		AD62EEC22EA429712D1D8047 /* Pods_memo_appTests.framework in Frameworks */ = {isa = PBXBuildFile; fileRef = 4428CAD0973131E816BE9CA1 /* Pods_memo_appTests.framework */; };
		D61E29BABADB7CEE0F62642B /* Pods_memo_app_memo_appUITests.framework in Frameworks */ = {isa = PBXBuildFile; fileRef = 6A25BAFF6BEF3AEC5988500F /* Pods_memo_app_memo_appUITests.framework */; };
/* End PBXBuildFile section */

/* Begin PBXContainerItemProxy section */
		5FAB778423F179840074A866 /* PBXContainerItemProxy */ = {
			isa = PBXContainerItemProxy;
			containerPortal = 5FAB776523F179810074A866 /* Project object */;
			proxyType = 1;
			remoteGlobalIDString = 5FAB776C23F179810074A866;
			remoteInfo = memo_app;
		};
		5FAB778F23F179840074A866 /* PBXContainerItemProxy */ = {
			isa = PBXContainerItemProxy;
			containerPortal = 5FAB776523F179810074A866 /* Project object */;
			proxyType = 1;
			remoteGlobalIDString = 5FAB776C23F179810074A866;
			remoteInfo = memo_app;
		};
/* End PBXContainerItemProxy section */

/* Begin PBXFileReference section */
		0824348D8A2541560E4AF8B0 /* Pods-memo_appTests.release.xcconfig */ = {isa = PBXFileReference; includeInIndex = 1; lastKnownFileType = text.xcconfig; name = "Pods-memo_appTests.release.xcconfig"; path = "Target Support Files/Pods-memo_appTests/Pods-memo_appTests.release.xcconfig"; sourceTree = "<group>"; };
		4428CAD0973131E816BE9CA1 /* Pods_memo_appTests.framework */ = {isa = PBXFileReference; explicitFileType = wrapper.framework; includeInIndex = 0; path = Pods_memo_appTests.framework; sourceTree = BUILT_PRODUCTS_DIR; };
		4F089462C4B3F5192928C351 /* Pods-memo_appTests.debug.xcconfig */ = {isa = PBXFileReference; includeInIndex = 1; lastKnownFileType = text.xcconfig; name = "Pods-memo_appTests.debug.xcconfig"; path = "Target Support Files/Pods-memo_appTests/Pods-memo_appTests.debug.xcconfig"; sourceTree = "<group>"; };
		50D34E3F17A51E94487CAA8B /* Pods-memo_app-memo_appUITests.debug.xcconfig */ = {isa = PBXFileReference; includeInIndex = 1; lastKnownFileType = text.xcconfig; name = "Pods-memo_app-memo_appUITests.debug.xcconfig"; path = "Target Support Files/Pods-memo_app-memo_appUITests/Pods-memo_app-memo_appUITests.debug.xcconfig"; sourceTree = "<group>"; };
		58E755DFCA019371B5B32634 /* Pods_memo_app.framework */ = {isa = PBXFileReference; explicitFileType = wrapper.framework; includeInIndex = 0; path = Pods_memo_app.framework; sourceTree = BUILT_PRODUCTS_DIR; };
		5F3B246423FD28460054CB9F /* SettingViewController.swift */ = {isa = PBXFileReference; lastKnownFileType = sourcecode.swift; path = SettingViewController.swift; sourceTree = "<group>"; };
		5F4A3E6723FE5897006CF021 /* PhotoViewerViewController.swift */ = {isa = PBXFileReference; lastKnownFileType = sourcecode.swift; path = PhotoViewerViewController.swift; sourceTree = "<group>"; };
		5F4A3E6923FE59AA006CF021 /* PhotoViewerCell.swift */ = {isa = PBXFileReference; lastKnownFileType = sourcecode.swift; path = PhotoViewerCell.swift; sourceTree = "<group>"; };
		5F54207B23F2691400E69BAA /* MemoHeaderCellView.swift */ = {isa = PBXFileReference; lastKnownFileType = sourcecode.swift; path = MemoHeaderCellView.swift; sourceTree = "<group>"; };
		5F54207F23F2F36100E69BAA /* MemoPhotoItemCellView.swift */ = {isa = PBXFileReference; lastKnownFileType = sourcecode.swift; path = MemoPhotoItemCellView.swift; sourceTree = "<group>"; };
		5F58C82923F6401200E2D3F0 /* ImageFileManager.swift */ = {isa = PBXFileReference; lastKnownFileType = sourcecode.swift; path = ImageFileManager.swift; sourceTree = "<group>"; };
		5F715DBC23F7BC21004ACE93 /* README.md */ = {isa = PBXFileReference; lastKnownFileType = net.daringfireball.markdown; path = README.md; sourceTree = "<group>"; };
		5F84DCFA23FEB7ED00AFDDF3 /* ImageEditTools.swift */ = {isa = PBXFileReference; lastKnownFileType = sourcecode.swift; path = ImageEditTools.swift; sourceTree = "<group>"; };
		5F84DCFC23FFC7B800AFDDF3 /* wiki_images */ = {isa = PBXFileReference; lastKnownFileType = folder; path = wiki_images; sourceTree = "<group>"; };
		5F89FCAC23F6E45A00997AC6 /* ColorManager.swift */ = {isa = PBXFileReference; lastKnownFileType = sourcecode.swift; path = ColorManager.swift; sourceTree = "<group>"; };
		5FAB776D23F179810074A866 /* memos.app */ = {isa = PBXFileReference; explicitFileType = wrapper.application; includeInIndex = 0; path = memos.app; sourceTree = BUILT_PRODUCTS_DIR; };
		5FAB777023F179810074A866 /* AppDelegate.swift */ = {isa = PBXFileReference; lastKnownFileType = sourcecode.swift; path = AppDelegate.swift; sourceTree = "<group>"; };
		5FAB777223F179810074A866 /* SceneDelegate.swift */ = {isa = PBXFileReference; lastKnownFileType = sourcecode.swift; path = SceneDelegate.swift; sourceTree = "<group>"; };
		5FAB777423F179810074A866 /* ViewController.swift */ = {isa = PBXFileReference; lastKnownFileType = sourcecode.swift; path = ViewController.swift; sourceTree = "<group>"; };
		5FAB777923F179840074A866 /* Assets.xcassets */ = {isa = PBXFileReference; lastKnownFileType = folder.assetcatalog; path = Assets.xcassets; sourceTree = "<group>"; };
		5FAB777C23F179840074A866 /* Base */ = {isa = PBXFileReference; lastKnownFileType = file.storyboard; name = Base; path = Base.lproj/LaunchScreen.storyboard; sourceTree = "<group>"; };
		5FAB777E23F179840074A866 /* Info.plist */ = {isa = PBXFileReference; lastKnownFileType = text.plist.xml; path = Info.plist; sourceTree = "<group>"; };
		5FAB778323F179840074A866 /* memo_appTests.xctest */ = {isa = PBXFileReference; explicitFileType = wrapper.cfbundle; includeInIndex = 0; path = memo_appTests.xctest; sourceTree = BUILT_PRODUCTS_DIR; };
		5FAB778723F179840074A866 /* memo_appTests.swift */ = {isa = PBXFileReference; lastKnownFileType = sourcecode.swift; path = memo_appTests.swift; sourceTree = "<group>"; };
		5FAB778923F179840074A866 /* Info.plist */ = {isa = PBXFileReference; lastKnownFileType = text.plist.xml; path = Info.plist; sourceTree = "<group>"; };
		5FAB778E23F179840074A866 /* memo_appUITests.xctest */ = {isa = PBXFileReference; explicitFileType = wrapper.cfbundle; includeInIndex = 0; path = memo_appUITests.xctest; sourceTree = BUILT_PRODUCTS_DIR; };
		5FAB779223F179840074A866 /* memo_appUITests.swift */ = {isa = PBXFileReference; lastKnownFileType = sourcecode.swift; path = memo_appUITests.swift; sourceTree = "<group>"; };
		5FAB779423F179840074A866 /* Info.plist */ = {isa = PBXFileReference; lastKnownFileType = text.plist.xml; path = Info.plist; sourceTree = "<group>"; };
		5FAB77A423F180470074A866 /* Memo.swift */ = {isa = PBXFileReference; lastKnownFileType = sourcecode.swift; path = Memo.swift; sourceTree = "<group>"; };
		5FAB77A623F180540074A866 /* Photo.swift */ = {isa = PBXFileReference; lastKnownFileType = sourcecode.swift; path = Photo.swift; sourceTree = "<group>"; };
		5FAB77A923F180740074A866 /* HttpManager.swift */ = {isa = PBXFileReference; lastKnownFileType = sourcecode.swift; path = HttpManager.swift; sourceTree = "<group>"; };
		5FAB77AB23F180830074A866 /* RealmManager.swift */ = {isa = PBXFileReference; lastKnownFileType = sourcecode.swift; path = RealmManager.swift; sourceTree = "<group>"; };
		5FAB77AE23F1909A0074A866 /* MemoListCellView.swift */ = {isa = PBXFileReference; lastKnownFileType = sourcecode.swift; path = MemoListCellView.swift; sourceTree = "<group>"; };
		5FAB77B023F19FE90074A866 /* MemoListViewController.swift */ = {isa = PBXFileReference; lastKnownFileType = sourcecode.swift; path = MemoListViewController.swift; sourceTree = "<group>"; };
		5FAB77B223F19FFD0074A866 /* MemoViewController.swift */ = {isa = PBXFileReference; lastKnownFileType = sourcecode.swift; path = MemoViewController.swift; sourceTree = "<group>"; };
		5FCFCF6723F9269200E06AEF /* en */ = {isa = PBXFileReference; lastKnownFileType = text.plist.strings; name = en; path = en.lproj/Localizable.strings; sourceTree = "<group>"; };
		5FCFCF6923F926BC00E06AEF /* ko */ = {isa = PBXFileReference; lastKnownFileType = text.plist.strings; name = ko; path = ko.lproj/LaunchScreen.strings; sourceTree = "<group>"; };
		5FCFCF6A23F926BC00E06AEF /* ko */ = {isa = PBXFileReference; lastKnownFileType = text.plist.strings; name = ko; path = ko.lproj/Localizable.strings; sourceTree = "<group>"; };
		5FCFCF6B23F926C600E06AEF /* ja */ = {isa = PBXFileReference; lastKnownFileType = text.plist.strings; name = ja; path = ja.lproj/LaunchScreen.strings; sourceTree = "<group>"; };
		5FCFCF6C23F926C600E06AEF /* ja */ = {isa = PBXFileReference; lastKnownFileType = text.plist.strings; name = ja; path = ja.lproj/Localizable.strings; sourceTree = "<group>"; };
		5FCFCF6D23F9273A00E06AEF /* StringExtension.swift */ = {isa = PBXFileReference; lastKnownFileType = sourcecode.swift; path = StringExtension.swift; sourceTree = "<group>"; };
		6A25BAFF6BEF3AEC5988500F /* Pods_memo_app_memo_appUITests.framework */ = {isa = PBXFileReference; explicitFileType = wrapper.framework; includeInIndex = 0; path = Pods_memo_app_memo_appUITests.framework; sourceTree = BUILT_PRODUCTS_DIR; };
		9E488782DE989CDD837361B6 /* Pods-memo_app.debug.xcconfig */ = {isa = PBXFileReference; includeInIndex = 1; lastKnownFileType = text.xcconfig; name = "Pods-memo_app.debug.xcconfig"; path = "Target Support Files/Pods-memo_app/Pods-memo_app.debug.xcconfig"; sourceTree = "<group>"; };
		EF27C99E6DA4DC762EF9FB92 /* Pods-memo_app.release.xcconfig */ = {isa = PBXFileReference; includeInIndex = 1; lastKnownFileType = text.xcconfig; name = "Pods-memo_app.release.xcconfig"; path = "Target Support Files/Pods-memo_app/Pods-memo_app.release.xcconfig"; sourceTree = "<group>"; };
		FA89AD2B7A1DC85EFBAF23C5 /* Pods-memo_app-memo_appUITests.release.xcconfig */ = {isa = PBXFileReference; includeInIndex = 1; lastKnownFileType = text.xcconfig; name = "Pods-memo_app-memo_appUITests.release.xcconfig"; path = "Target Support Files/Pods-memo_app-memo_appUITests/Pods-memo_app-memo_appUITests.release.xcconfig"; sourceTree = "<group>"; };
/* End PBXFileReference section */

/* Begin PBXFrameworksBuildPhase section */
		5FAB776A23F179810074A866 /* Frameworks */ = {
			isa = PBXFrameworksBuildPhase;
			buildActionMask = 2147483647;
			files = (
				7E2843569E0ED479C02A22EB /* Pods_memo_app.framework in Frameworks */,
			);
			runOnlyForDeploymentPostprocessing = 0;
		};
		5FAB778023F179840074A866 /* Frameworks */ = {
			isa = PBXFrameworksBuildPhase;
			buildActionMask = 2147483647;
			files = (
				AD62EEC22EA429712D1D8047 /* Pods_memo_appTests.framework in Frameworks */,
			);
			runOnlyForDeploymentPostprocessing = 0;
		};
		5FAB778B23F179840074A866 /* Frameworks */ = {
			isa = PBXFrameworksBuildPhase;
			buildActionMask = 2147483647;
			files = (
				D61E29BABADB7CEE0F62642B /* Pods_memo_app_memo_appUITests.framework in Frameworks */,
			);
			runOnlyForDeploymentPostprocessing = 0;
		};
/* End PBXFrameworksBuildPhase section */

/* Begin PBXGroup section */
		14CF38F4D4EDDBED686C7225 /* Pods */ = {
			isa = PBXGroup;
			children = (
				9E488782DE989CDD837361B6 /* Pods-memo_app.debug.xcconfig */,
				EF27C99E6DA4DC762EF9FB92 /* Pods-memo_app.release.xcconfig */,
				50D34E3F17A51E94487CAA8B /* Pods-memo_app-memo_appUITests.debug.xcconfig */,
				FA89AD2B7A1DC85EFBAF23C5 /* Pods-memo_app-memo_appUITests.release.xcconfig */,
				4F089462C4B3F5192928C351 /* Pods-memo_appTests.debug.xcconfig */,
				0824348D8A2541560E4AF8B0 /* Pods-memo_appTests.release.xcconfig */,
			);
			path = Pods;
			sourceTree = "<group>";
		};
		53D3A34A05953C21777C575C /* Frameworks */ = {
			isa = PBXGroup;
			children = (
				58E755DFCA019371B5B32634 /* Pods_memo_app.framework */,
				6A25BAFF6BEF3AEC5988500F /* Pods_memo_app_memo_appUITests.framework */,
				4428CAD0973131E816BE9CA1 /* Pods_memo_appTests.framework */,
			);
			name = Frameworks;
			sourceTree = "<group>";
		};
		5FAB776423F179810074A866 = {
			isa = PBXGroup;
			children = (
				5F715DBC23F7BC21004ACE93 /* README.md */,
				5F84DCFC23FFC7B800AFDDF3 /* wiki_images */,
				5FAB776F23F179810074A866 /* memo_app */,
				5FAB778623F179840074A866 /* memo_appTests */,
				5FAB779123F179840074A866 /* memo_appUITests */,
				5FAB776E23F179810074A866 /* Products */,
				14CF38F4D4EDDBED686C7225 /* Pods */,
				53D3A34A05953C21777C575C /* Frameworks */,
			);
			sourceTree = "<group>";
		};
		5FAB776E23F179810074A866 /* Products */ = {
			isa = PBXGroup;
			children = (
				5FAB776D23F179810074A866 /* memos.app */,
				5FAB778323F179840074A866 /* memo_appTests.xctest */,
				5FAB778E23F179840074A866 /* memo_appUITests.xctest */,
			);
			name = Products;
			sourceTree = "<group>";
		};
		5FAB776F23F179810074A866 /* memo_app */ = {
			isa = PBXGroup;
			children = (
				5FAB777023F179810074A866 /* AppDelegate.swift */,
				5FCFCF6823F9269200E06AEF /* Localizable.strings */,
				5FAB77A123F180090074A866 /* Models */,
				5FAB777223F179810074A866 /* SceneDelegate.swift */,
				5FAB77A223F180170074A866 /* VIews */,
				5FAB777423F179810074A866 /* ViewController.swift */,
				5FAB77A323F1801F0074A866 /* Controllers */,
				5FAB77A023F17AED0074A866 /* Services */,
				5FAB777923F179840074A866 /* Assets.xcassets */,
				5FAB777B23F179840074A866 /* LaunchScreen.storyboard */,
				5FAB777E23F179840074A866 /* Info.plist */,
			);
			path = memo_app;
			sourceTree = "<group>";
		};
		5FAB778623F179840074A866 /* memo_appTests */ = {
			isa = PBXGroup;
			children = (
				5FAB778723F179840074A866 /* memo_appTests.swift */,
				5FAB778923F179840074A866 /* Info.plist */,
			);
			path = memo_appTests;
			sourceTree = "<group>";
		};
		5FAB779123F179840074A866 /* memo_appUITests */ = {
			isa = PBXGroup;
			children = (
				5FAB779223F179840074A866 /* memo_appUITests.swift */,
				5FAB779423F179840074A866 /* Info.plist */,
			);
			path = memo_appUITests;
			sourceTree = "<group>";
		};
		5FAB77A023F17AED0074A866 /* Services */ = {
			isa = PBXGroup;
			children = (
				5FAB77A923F180740074A866 /* HttpManager.swift */,
				5F89FCAC23F6E45A00997AC6 /* ColorManager.swift */,
				5FAB77AB23F180830074A866 /* RealmManager.swift */,
				5F58C82923F6401200E2D3F0 /* ImageFileManager.swift */,
				5F84DCFA23FEB7ED00AFDDF3 /* ImageEditTools.swift */,
				5FCFCF6D23F9273A00E06AEF /* StringExtension.swift */,
			);
			path = Services;
			sourceTree = "<group>";
		};
		5FAB77A123F180090074A866 /* Models */ = {
			isa = PBXGroup;
			children = (
				5FAB77A423F180470074A866 /* Memo.swift */,
				5FAB77A623F180540074A866 /* Photo.swift */,
			);
			path = Models;
			sourceTree = "<group>";
		};
		5FAB77A223F180170074A866 /* VIews */ = {
			isa = PBXGroup;
			children = (
				5FAB77AE23F1909A0074A866 /* MemoListCellView.swift */,
				5F54207B23F2691400E69BAA /* MemoHeaderCellView.swift */,
				5F54207F23F2F36100E69BAA /* MemoPhotoItemCellView.swift */,
				5F4A3E6923FE59AA006CF021 /* PhotoViewerCell.swift */,
			);
			path = VIews;
			sourceTree = "<group>";
		};
		5FAB77A323F1801F0074A866 /* Controllers */ = {
			isa = PBXGroup;
			children = (
				5FAB77B023F19FE90074A866 /* MemoListViewController.swift */,
				5FAB77B223F19FFD0074A866 /* MemoViewController.swift */,
				5F4A3E6723FE5897006CF021 /* PhotoViewerViewController.swift */,
				5F3B246423FD28460054CB9F /* SettingViewController.swift */,
			);
			path = Controllers;
			sourceTree = "<group>";
		};
/* End PBXGroup section */

/* Begin PBXNativeTarget section */
		5FAB776C23F179810074A866 /* memo_app */ = {
			isa = PBXNativeTarget;
			buildConfigurationList = 5FAB779723F179840074A866 /* Build configuration list for PBXNativeTarget "memo_app" */;
			buildPhases = (
				C5340BBD091B9967C9AE1B7A /* [CP] Check Pods Manifest.lock */,
				5FAB776923F179810074A866 /* Sources */,
				5FAB776A23F179810074A866 /* Frameworks */,
				5FAB776B23F179810074A866 /* Resources */,
				35D6C265F9E03355FA412F93 /* [CP] Embed Pods Frameworks */,
			);
			buildRules = (
			);
			dependencies = (
			);
			name = memo_app;
			productName = memo_app;
			productReference = 5FAB776D23F179810074A866 /* memos.app */;
			productType = "com.apple.product-type.application";
		};
		5FAB778223F179840074A866 /* memo_appTests */ = {
			isa = PBXNativeTarget;
			buildConfigurationList = 5FAB779A23F179840074A866 /* Build configuration list for PBXNativeTarget "memo_appTests" */;
			buildPhases = (
				638E3AA003EE74F8756F04F3 /* [CP] Check Pods Manifest.lock */,
				5FAB777F23F179840074A866 /* Sources */,
				5FAB778023F179840074A866 /* Frameworks */,
				5FAB778123F179840074A866 /* Resources */,
			);
			buildRules = (
			);
			dependencies = (
				5FAB778523F179840074A866 /* PBXTargetDependency */,
			);
			name = memo_appTests;
			productName = memo_appTests;
			productReference = 5FAB778323F179840074A866 /* memo_appTests.xctest */;
			productType = "com.apple.product-type.bundle.unit-test";
		};
		5FAB778D23F179840074A866 /* memo_appUITests */ = {
			isa = PBXNativeTarget;
			buildConfigurationList = 5FAB779D23F179840074A866 /* Build configuration list for PBXNativeTarget "memo_appUITests" */;
			buildPhases = (
				14EE1620935EF1E0EBFD2688 /* [CP] Check Pods Manifest.lock */,
				5FAB778A23F179840074A866 /* Sources */,
				5FAB778B23F179840074A866 /* Frameworks */,
				5FAB778C23F179840074A866 /* Resources */,
				AE620D1203E4D6F8D04D42E0 /* [CP] Embed Pods Frameworks */,
			);
			buildRules = (
			);
			dependencies = (
				5FAB779023F179840074A866 /* PBXTargetDependency */,
			);
			name = memo_appUITests;
			productName = memo_appUITests;
			productReference = 5FAB778E23F179840074A866 /* memo_appUITests.xctest */;
			productType = "com.apple.product-type.bundle.ui-testing";
		};
/* End PBXNativeTarget section */

/* Begin PBXProject section */
		5FAB776523F179810074A866 /* Project object */ = {
			isa = PBXProject;
			attributes = {
				LastSwiftUpdateCheck = 1130;
				LastUpgradeCheck = 1130;
				ORGANIZATIONNAME = jinho;
				TargetAttributes = {
					5FAB776C23F179810074A866 = {
						CreatedOnToolsVersion = 11.3.1;
					};
					5FAB778223F179840074A866 = {
						CreatedOnToolsVersion = 11.3.1;
						TestTargetID = 5FAB776C23F179810074A866;
					};
					5FAB778D23F179840074A866 = {
						CreatedOnToolsVersion = 11.3.1;
						TestTargetID = 5FAB776C23F179810074A866;
					};
				};
			};
			buildConfigurationList = 5FAB776823F179810074A866 /* Build configuration list for PBXProject "memo_app" */;
			compatibilityVersion = "Xcode 9.3";
			developmentRegion = en;
			hasScannedForEncodings = 0;
			knownRegions = (
				en,
				Base,
				ko,
				ja,
			);
			mainGroup = 5FAB776423F179810074A866;
			productRefGroup = 5FAB776E23F179810074A866 /* Products */;
			projectDirPath = "";
			projectRoot = "";
			targets = (
				5FAB776C23F179810074A866 /* memo_app */,
				5FAB778223F179840074A866 /* memo_appTests */,
				5FAB778D23F179840074A866 /* memo_appUITests */,
			);
		};
/* End PBXProject section */

/* Begin PBXResourcesBuildPhase section */
		5FAB776B23F179810074A866 /* Resources */ = {
			isa = PBXResourcesBuildPhase;
			buildActionMask = 2147483647;
			files = (
				5FAB777D23F179840074A866 /* LaunchScreen.storyboard in Resources */,
				5FCFCF6623F9269200E06AEF /* Localizable.strings in Resources */,
				5FAB777A23F179840074A866 /* Assets.xcassets in Resources */,
			);
			runOnlyForDeploymentPostprocessing = 0;
		};
		5FAB778123F179840074A866 /* Resources */ = {
			isa = PBXResourcesBuildPhase;
			buildActionMask = 2147483647;
			files = (
			);
			runOnlyForDeploymentPostprocessing = 0;
		};
		5FAB778C23F179840074A866 /* Resources */ = {
			isa = PBXResourcesBuildPhase;
			buildActionMask = 2147483647;
			files = (
			);
			runOnlyForDeploymentPostprocessing = 0;
		};
/* End PBXResourcesBuildPhase section */

/* Begin PBXShellScriptBuildPhase section */
		14EE1620935EF1E0EBFD2688 /* [CP] Check Pods Manifest.lock */ = {
			isa = PBXShellScriptBuildPhase;
			buildActionMask = 2147483647;
			files = (
			);
			inputFileListPaths = (
			);
			inputPaths = (
				"${PODS_PODFILE_DIR_PATH}/Podfile.lock",
				"${PODS_ROOT}/Manifest.lock",
			);
			name = "[CP] Check Pods Manifest.lock";
			outputFileListPaths = (
			);
			outputPaths = (
				"$(DERIVED_FILE_DIR)/Pods-memo_app-memo_appUITests-checkManifestLockResult.txt",
			);
			runOnlyForDeploymentPostprocessing = 0;
			shellPath = /bin/sh;
			shellScript = "diff \"${PODS_PODFILE_DIR_PATH}/Podfile.lock\" \"${PODS_ROOT}/Manifest.lock\" > /dev/null\nif [ $? != 0 ] ; then\n    # print error to STDERR\n    echo \"error: The sandbox is not in sync with the Podfile.lock. Run 'pod install' or update your CocoaPods installation.\" >&2\n    exit 1\nfi\n# This output is used by Xcode 'outputs' to avoid re-running this script phase.\necho \"SUCCESS\" > \"${SCRIPT_OUTPUT_FILE_0}\"\n";
			showEnvVarsInLog = 0;
		};
		35D6C265F9E03355FA412F93 /* [CP] Embed Pods Frameworks */ = {
			isa = PBXShellScriptBuildPhase;
			buildActionMask = 2147483647;
			files = (
			);
			inputFileListPaths = (
				"${PODS_ROOT}/Target Support Files/Pods-memo_app/Pods-memo_app-frameworks-${CONFIGURATION}-input-files.xcfilelist",
			);
			name = "[CP] Embed Pods Frameworks";
			outputFileListPaths = (
				"${PODS_ROOT}/Target Support Files/Pods-memo_app/Pods-memo_app-frameworks-${CONFIGURATION}-output-files.xcfilelist",
			);
			runOnlyForDeploymentPostprocessing = 0;
			shellPath = /bin/sh;
			shellScript = "\"${PODS_ROOT}/Target Support Files/Pods-memo_app/Pods-memo_app-frameworks.sh\"\n";
			showEnvVarsInLog = 0;
		};
		638E3AA003EE74F8756F04F3 /* [CP] Check Pods Manifest.lock */ = {
			isa = PBXShellScriptBuildPhase;
			buildActionMask = 2147483647;
			files = (
			);
			inputFileListPaths = (
			);
			inputPaths = (
				"${PODS_PODFILE_DIR_PATH}/Podfile.lock",
				"${PODS_ROOT}/Manifest.lock",
			);
			name = "[CP] Check Pods Manifest.lock";
			outputFileListPaths = (
			);
			outputPaths = (
				"$(DERIVED_FILE_DIR)/Pods-memo_appTests-checkManifestLockResult.txt",
			);
			runOnlyForDeploymentPostprocessing = 0;
			shellPath = /bin/sh;
			shellScript = "diff \"${PODS_PODFILE_DIR_PATH}/Podfile.lock\" \"${PODS_ROOT}/Manifest.lock\" > /dev/null\nif [ $? != 0 ] ; then\n    # print error to STDERR\n    echo \"error: The sandbox is not in sync with the Podfile.lock. Run 'pod install' or update your CocoaPods installation.\" >&2\n    exit 1\nfi\n# This output is used by Xcode 'outputs' to avoid re-running this script phase.\necho \"SUCCESS\" > \"${SCRIPT_OUTPUT_FILE_0}\"\n";
			showEnvVarsInLog = 0;
		};
		AE620D1203E4D6F8D04D42E0 /* [CP] Embed Pods Frameworks */ = {
			isa = PBXShellScriptBuildPhase;
			buildActionMask = 2147483647;
			files = (
			);
			inputFileListPaths = (
				"${PODS_ROOT}/Target Support Files/Pods-memo_app-memo_appUITests/Pods-memo_app-memo_appUITests-frameworks-${CONFIGURATION}-input-files.xcfilelist",
			);
			name = "[CP] Embed Pods Frameworks";
			outputFileListPaths = (
				"${PODS_ROOT}/Target Support Files/Pods-memo_app-memo_appUITests/Pods-memo_app-memo_appUITests-frameworks-${CONFIGURATION}-output-files.xcfilelist",
			);
			runOnlyForDeploymentPostprocessing = 0;
			shellPath = /bin/sh;
			shellScript = "\"${PODS_ROOT}/Target Support Files/Pods-memo_app-memo_appUITests/Pods-memo_app-memo_appUITests-frameworks.sh\"\n";
			showEnvVarsInLog = 0;
		};
		C5340BBD091B9967C9AE1B7A /* [CP] Check Pods Manifest.lock */ = {
			isa = PBXShellScriptBuildPhase;
			buildActionMask = 2147483647;
			files = (
			);
			inputFileListPaths = (
			);
			inputPaths = (
				"${PODS_PODFILE_DIR_PATH}/Podfile.lock",
				"${PODS_ROOT}/Manifest.lock",
			);
			name = "[CP] Check Pods Manifest.lock";
			outputFileListPaths = (
			);
			outputPaths = (
				"$(DERIVED_FILE_DIR)/Pods-memo_app-checkManifestLockResult.txt",
			);
			runOnlyForDeploymentPostprocessing = 0;
			shellPath = /bin/sh;
			shellScript = "diff \"${PODS_PODFILE_DIR_PATH}/Podfile.lock\" \"${PODS_ROOT}/Manifest.lock\" > /dev/null\nif [ $? != 0 ] ; then\n    # print error to STDERR\n    echo \"error: The sandbox is not in sync with the Podfile.lock. Run 'pod install' or update your CocoaPods installation.\" >&2\n    exit 1\nfi\n# This output is used by Xcode 'outputs' to avoid re-running this script phase.\necho \"SUCCESS\" > \"${SCRIPT_OUTPUT_FILE_0}\"\n";
			showEnvVarsInLog = 0;
		};
/* End PBXShellScriptBuildPhase section */

/* Begin PBXSourcesBuildPhase section */
		5FAB776923F179810074A866 /* Sources */ = {
			isa = PBXSourcesBuildPhase;
			buildActionMask = 2147483647;
			files = (
				5FAB777523F179810074A866 /* ViewController.swift in Sources */,
				5FAB777123F179810074A866 /* AppDelegate.swift in Sources */,
				5FCFCF6E23F9273A00E06AEF /* StringExtension.swift in Sources */,
				5F3B246523FD28460054CB9F /* SettingViewController.swift in Sources */,
				5FAB77B123F19FE90074A866 /* MemoListViewController.swift in Sources */,
				5F54208023F2F36100E69BAA /* MemoPhotoItemCellView.swift in Sources */,
				5FAB777323F179810074A866 /* SceneDelegate.swift in Sources */,
				5FAB77AA23F180740074A866 /* HttpManager.swift in Sources */,
				5F89FCAD23F6E45A00997AC6 /* ColorManager.swift in Sources */,
				5F84DCFB23FEB7ED00AFDDF3 /* ImageEditTools.swift in Sources */,
				5FAB77B323F19FFD0074A866 /* MemoViewController.swift in Sources */,
				5F4A3E6823FE5897006CF021 /* PhotoViewerViewController.swift in Sources */,
				5FAB77A523F180470074A866 /* Memo.swift in Sources */,
				5FAB77AC23F180830074A866 /* RealmManager.swift in Sources */,
				5F58C82A23F6401200E2D3F0 /* ImageFileManager.swift in Sources */,
				5F54207C23F2691400E69BAA /* MemoHeaderCellView.swift in Sources */,
				5F4A3E6A23FE59AA006CF021 /* PhotoViewerCell.swift in Sources */,
				5FAB77AF23F1909A0074A866 /* MemoListCellView.swift in Sources */,
				5FAB77A723F180540074A866 /* Photo.swift in Sources */,
			);
			runOnlyForDeploymentPostprocessing = 0;
		};
		5FAB777F23F179840074A866 /* Sources */ = {
			isa = PBXSourcesBuildPhase;
			buildActionMask = 2147483647;
			files = (
				5FAB778823F179840074A866 /* memo_appTests.swift in Sources */,
			);
			runOnlyForDeploymentPostprocessing = 0;
		};
		5FAB778A23F179840074A866 /* Sources */ = {
			isa = PBXSourcesBuildPhase;
			buildActionMask = 2147483647;
			files = (
				5FAB779323F179840074A866 /* memo_appUITests.swift in Sources */,
			);
			runOnlyForDeploymentPostprocessing = 0;
		};
/* End PBXSourcesBuildPhase section */

/* Begin PBXTargetDependency section */
		5FAB778523F179840074A866 /* PBXTargetDependency */ = {
			isa = PBXTargetDependency;
			target = 5FAB776C23F179810074A866 /* memo_app */;
			targetProxy = 5FAB778423F179840074A866 /* PBXContainerItemProxy */;
		};
		5FAB779023F179840074A866 /* PBXTargetDependency */ = {
			isa = PBXTargetDependency;
			target = 5FAB776C23F179810074A866 /* memo_app */;
			targetProxy = 5FAB778F23F179840074A866 /* PBXContainerItemProxy */;
		};
/* End PBXTargetDependency section */

/* Begin PBXVariantGroup section */
		5FAB777B23F179840074A866 /* LaunchScreen.storyboard */ = {
			isa = PBXVariantGroup;
			children = (
				5FAB777C23F179840074A866 /* Base */,
				5FCFCF6923F926BC00E06AEF /* ko */,
				5FCFCF6B23F926C600E06AEF /* ja */,
			);
			name = LaunchScreen.storyboard;
			sourceTree = "<group>";
		};
		5FCFCF6823F9269200E06AEF /* Localizable.strings */ = {
			isa = PBXVariantGroup;
			children = (
				5FCFCF6723F9269200E06AEF /* en */,
				5FCFCF6A23F926BC00E06AEF /* ko */,
				5FCFCF6C23F926C600E06AEF /* ja */,
			);
			name = Localizable.strings;
			sourceTree = "<group>";
		};
/* End PBXVariantGroup section */

/* Begin XCBuildConfiguration section */
		5FAB779523F179840074A866 /* Debug */ = {
			isa = XCBuildConfiguration;
			buildSettings = {
				ALWAYS_SEARCH_USER_PATHS = NO;
				CLANG_ANALYZER_LOCALIZABILITY_NONLOCALIZED = YES;
				CLANG_ANALYZER_NONNULL = YES;
				CLANG_ANALYZER_NUMBER_OBJECT_CONVERSION = YES_AGGRESSIVE;
				CLANG_CXX_LANGUAGE_STANDARD = "gnu++14";
				CLANG_CXX_LIBRARY = "libc++";
				CLANG_ENABLE_MODULES = YES;
				CLANG_ENABLE_OBJC_ARC = YES;
				CLANG_ENABLE_OBJC_WEAK = YES;
				CLANG_WARN_BLOCK_CAPTURE_AUTORELEASING = YES;
				CLANG_WARN_BOOL_CONVERSION = YES;
				CLANG_WARN_COMMA = YES;
				CLANG_WARN_CONSTANT_CONVERSION = YES;
				CLANG_WARN_DEPRECATED_OBJC_IMPLEMENTATIONS = YES;
				CLANG_WARN_DIRECT_OBJC_ISA_USAGE = YES_ERROR;
				CLANG_WARN_DOCUMENTATION_COMMENTS = YES;
				CLANG_WARN_EMPTY_BODY = YES;
				CLANG_WARN_ENUM_CONVERSION = YES;
				CLANG_WARN_INFINITE_RECURSION = YES;
				CLANG_WARN_INT_CONVERSION = YES;
				CLANG_WARN_NON_LITERAL_NULL_CONVERSION = YES;
				CLANG_WARN_OBJC_IMPLICIT_RETAIN_SELF = YES;
				CLANG_WARN_OBJC_LITERAL_CONVERSION = YES;
				CLANG_WARN_OBJC_ROOT_CLASS = YES_ERROR;
				CLANG_WARN_RANGE_LOOP_ANALYSIS = YES;
				CLANG_WARN_STRICT_PROTOTYPES = YES;
				CLANG_WARN_SUSPICIOUS_MOVE = YES;
				CLANG_WARN_UNGUARDED_AVAILABILITY = YES_AGGRESSIVE;
				CLANG_WARN_UNREACHABLE_CODE = YES;
				CLANG_WARN__DUPLICATE_METHOD_MATCH = YES;
				COPY_PHASE_STRIP = NO;
				DEBUG_INFORMATION_FORMAT = dwarf;
				ENABLE_STRICT_OBJC_MSGSEND = YES;
				ENABLE_TESTABILITY = YES;
				GCC_C_LANGUAGE_STANDARD = gnu11;
				GCC_DYNAMIC_NO_PIC = NO;
				GCC_NO_COMMON_BLOCKS = YES;
				GCC_OPTIMIZATION_LEVEL = 0;
				GCC_PREPROCESSOR_DEFINITIONS = (
					"DEBUG=1",
					"$(inherited)",
				);
				GCC_WARN_64_TO_32_BIT_CONVERSION = YES;
				GCC_WARN_ABOUT_RETURN_TYPE = YES_ERROR;
				GCC_WARN_UNDECLARED_SELECTOR = YES;
				GCC_WARN_UNINITIALIZED_AUTOS = YES_AGGRESSIVE;
				GCC_WARN_UNUSED_FUNCTION = YES;
				GCC_WARN_UNUSED_VARIABLE = YES;
				IPHONEOS_DEPLOYMENT_TARGET = 13.2;
				MTL_ENABLE_DEBUG_INFO = INCLUDE_SOURCE;
				MTL_FAST_MATH = YES;
				ONLY_ACTIVE_ARCH = YES;
				SDKROOT = iphoneos;
				SWIFT_ACTIVE_COMPILATION_CONDITIONS = DEBUG;
				SWIFT_OPTIMIZATION_LEVEL = "-Onone";
			};
			name = Debug;
		};
		5FAB779623F179840074A866 /* Release */ = {
			isa = XCBuildConfiguration;
			buildSettings = {
				ALWAYS_SEARCH_USER_PATHS = NO;
				CLANG_ANALYZER_LOCALIZABILITY_NONLOCALIZED = YES;
				CLANG_ANALYZER_NONNULL = YES;
				CLANG_ANALYZER_NUMBER_OBJECT_CONVERSION = YES_AGGRESSIVE;
				CLANG_CXX_LANGUAGE_STANDARD = "gnu++14";
				CLANG_CXX_LIBRARY = "libc++";
				CLANG_ENABLE_MODULES = YES;
				CLANG_ENABLE_OBJC_ARC = YES;
				CLANG_ENABLE_OBJC_WEAK = YES;
				CLANG_WARN_BLOCK_CAPTURE_AUTORELEASING = YES;
				CLANG_WARN_BOOL_CONVERSION = YES;
				CLANG_WARN_COMMA = YES;
				CLANG_WARN_CONSTANT_CONVERSION = YES;
				CLANG_WARN_DEPRECATED_OBJC_IMPLEMENTATIONS = YES;
				CLANG_WARN_DIRECT_OBJC_ISA_USAGE = YES_ERROR;
				CLANG_WARN_DOCUMENTATION_COMMENTS = YES;
				CLANG_WARN_EMPTY_BODY = YES;
				CLANG_WARN_ENUM_CONVERSION = YES;
				CLANG_WARN_INFINITE_RECURSION = YES;
				CLANG_WARN_INT_CONVERSION = YES;
				CLANG_WARN_NON_LITERAL_NULL_CONVERSION = YES;
				CLANG_WARN_OBJC_IMPLICIT_RETAIN_SELF = YES;
				CLANG_WARN_OBJC_LITERAL_CONVERSION = YES;
				CLANG_WARN_OBJC_ROOT_CLASS = YES_ERROR;
				CLANG_WARN_RANGE_LOOP_ANALYSIS = YES;
				CLANG_WARN_STRICT_PROTOTYPES = YES;
				CLANG_WARN_SUSPICIOUS_MOVE = YES;
				CLANG_WARN_UNGUARDED_AVAILABILITY = YES_AGGRESSIVE;
				CLANG_WARN_UNREACHABLE_CODE = YES;
				CLANG_WARN__DUPLICATE_METHOD_MATCH = YES;
				COPY_PHASE_STRIP = NO;
				DEBUG_INFORMATION_FORMAT = "dwarf-with-dsym";
				ENABLE_NS_ASSERTIONS = NO;
				ENABLE_STRICT_OBJC_MSGSEND = YES;
				GCC_C_LANGUAGE_STANDARD = gnu11;
				GCC_NO_COMMON_BLOCKS = YES;
				GCC_WARN_64_TO_32_BIT_CONVERSION = YES;
				GCC_WARN_ABOUT_RETURN_TYPE = YES_ERROR;
				GCC_WARN_UNDECLARED_SELECTOR = YES;
				GCC_WARN_UNINITIALIZED_AUTOS = YES_AGGRESSIVE;
				GCC_WARN_UNUSED_FUNCTION = YES;
				GCC_WARN_UNUSED_VARIABLE = YES;
				IPHONEOS_DEPLOYMENT_TARGET = 13.2;
				MTL_ENABLE_DEBUG_INFO = NO;
				MTL_FAST_MATH = YES;
				SDKROOT = iphoneos;
				SWIFT_COMPILATION_MODE = wholemodule;
				SWIFT_OPTIMIZATION_LEVEL = "-O";
				VALIDATE_PRODUCT = YES;
			};
			name = Release;
		};
		5FAB779823F179840074A866 /* Debug */ = {
			isa = XCBuildConfiguration;
			baseConfigurationReference = 9E488782DE989CDD837361B6 /* Pods-memo_app.debug.xcconfig */;
			buildSettings = {
				ASSETCATALOG_COMPILER_APPICON_NAME = AppIcon;
				CODE_SIGN_STYLE = Automatic;
				DEVELOPMENT_TEAM = 5RX83Y9W68;
				INFOPLIST_FILE = memo_app/Info.plist;
				IPHONEOS_DEPLOYMENT_TARGET = 10.0;
				LD_RUNPATH_SEARCH_PATHS = (
					"$(inherited)",
					"@executable_path/Frameworks",
				);
				PRODUCT_BUNDLE_IDENTIFIER = "jinho.memo-app";
				PRODUCT_NAME = memos;
				SWIFT_VERSION = 5.0;
				TARGETED_DEVICE_FAMILY = "1,2";
			};
			name = Debug;
		};
		5FAB779923F179840074A866 /* Release */ = {
			isa = XCBuildConfiguration;
			baseConfigurationReference = EF27C99E6DA4DC762EF9FB92 /* Pods-memo_app.release.xcconfig */;
			buildSettings = {
				ASSETCATALOG_COMPILER_APPICON_NAME = AppIcon;
				CODE_SIGN_STYLE = Automatic;
				DEVELOPMENT_TEAM = 5RX83Y9W68;
				INFOPLIST_FILE = memo_app/Info.plist;
				IPHONEOS_DEPLOYMENT_TARGET = 10.0;
				LD_RUNPATH_SEARCH_PATHS = (
					"$(inherited)",
					"@executable_path/Frameworks",
				);
				PRODUCT_BUNDLE_IDENTIFIER = "jinho.memo-app";
				PRODUCT_NAME = memos;
				SWIFT_VERSION = 5.0;
				TARGETED_DEVICE_FAMILY = "1,2";
			};
			name = Release;
		};
		5FAB779B23F179840074A866 /* Debug */ = {
			isa = XCBuildConfiguration;
			baseConfigurationReference = 4F089462C4B3F5192928C351 /* Pods-memo_appTests.debug.xcconfig */;
			buildSettings = {
				ALWAYS_EMBED_SWIFT_STANDARD_LIBRARIES = YES;
				BUNDLE_LOADER = "$(TEST_HOST)";
				CODE_SIGN_STYLE = Automatic;
				DEVELOPMENT_TEAM = 5RX83Y9W68;
				INFOPLIST_FILE = memo_appTests/Info.plist;
				IPHONEOS_DEPLOYMENT_TARGET = 13.2;
				LD_RUNPATH_SEARCH_PATHS = (
					"$(inherited)",
					"@executable_path/Frameworks",
					"@loader_path/Frameworks",
				);
				PRODUCT_BUNDLE_IDENTIFIER = "jinho.memo-appTests";
				PRODUCT_NAME = "$(TARGET_NAME)";
				SWIFT_VERSION = 5.0;
				TARGETED_DEVICE_FAMILY = "1,2";
				TEST_HOST = "$(BUILT_PRODUCTS_DIR)/memos.app/memos";
			};
			name = Debug;
		};
		5FAB779C23F179840074A866 /* Release */ = {
			isa = XCBuildConfiguration;
			baseConfigurationReference = 0824348D8A2541560E4AF8B0 /* Pods-memo_appTests.release.xcconfig */;
			buildSettings = {
				ALWAYS_EMBED_SWIFT_STANDARD_LIBRARIES = YES;
				BUNDLE_LOADER = "$(TEST_HOST)";
				CODE_SIGN_STYLE = Automatic;
				DEVELOPMENT_TEAM = 5RX83Y9W68;
				INFOPLIST_FILE = memo_appTests/Info.plist;
				IPHONEOS_DEPLOYMENT_TARGET = 13.2;
				LD_RUNPATH_SEARCH_PATHS = (
					"$(inherited)",
					"@executable_path/Frameworks",
					"@loader_path/Frameworks",
				);
				PRODUCT_BUNDLE_IDENTIFIER = "jinho.memo-appTests";
				PRODUCT_NAME = "$(TARGET_NAME)";
				SWIFT_VERSION = 5.0;
				TARGETED_DEVICE_FAMILY = "1,2";
				TEST_HOST = "$(BUILT_PRODUCTS_DIR)/memos.app/memos";
			};
			name = Release;
		};
		5FAB779E23F179840074A866 /* Debug */ = {
			isa = XCBuildConfiguration;
			baseConfigurationReference = 50D34E3F17A51E94487CAA8B /* Pods-memo_app-memo_appUITests.debug.xcconfig */;
			buildSettings = {
				ALWAYS_EMBED_SWIFT_STANDARD_LIBRARIES = YES;
				CODE_SIGN_STYLE = Automatic;
				DEVELOPMENT_TEAM = 5RX83Y9W68;
				INFOPLIST_FILE = memo_appUITests/Info.plist;
				LD_RUNPATH_SEARCH_PATHS = (
					"$(inherited)",
					"@executable_path/Frameworks",
					"@loader_path/Frameworks",
				);
				PRODUCT_BUNDLE_IDENTIFIER = "jinho.memo-appUITests";
				PRODUCT_NAME = "$(TARGET_NAME)";
				PROVISIONING_PROFILE = "";
				SWIFT_VERSION = 5.0;
				TARGETED_DEVICE_FAMILY = "1,2";
				TEST_TARGET_NAME = memo_app;
			};
			name = Debug;
		};
		5FAB779F23F179840074A866 /* Release */ = {
			isa = XCBuildConfiguration;
			baseConfigurationReference = FA89AD2B7A1DC85EFBAF23C5 /* Pods-memo_app-memo_appUITests.release.xcconfig */;
			buildSettings = {
				ALWAYS_EMBED_SWIFT_STANDARD_LIBRARIES = YES;
				CODE_SIGN_STYLE = Automatic;
				DEVELOPMENT_TEAM = 5RX83Y9W68;
				INFOPLIST_FILE = memo_appUITests/Info.plist;
				LD_RUNPATH_SEARCH_PATHS = (
					"$(inherited)",
					"@executable_path/Frameworks",
					"@loader_path/Frameworks",
				);
				PRODUCT_BUNDLE_IDENTIFIER = "jinho.memo-appUITests";
				PRODUCT_NAME = "$(TARGET_NAME)";
				PROVISIONING_PROFILE = "";
				SWIFT_VERSION = 5.0;
				TARGETED_DEVICE_FAMILY = "1,2";
				TEST_TARGET_NAME = memo_app;
			};
			name = Release;
		};
/* End XCBuildConfiguration section */

/* Begin XCConfigurationList section */
		5FAB776823F179810074A866 /* Build configuration list for PBXProject "memo_app" */ = {
			isa = XCConfigurationList;
			buildConfigurations = (
				5FAB779523F179840074A866 /* Debug */,
				5FAB779623F179840074A866 /* Release */,
			);
			defaultConfigurationIsVisible = 0;
			defaultConfigurationName = Release;
		};
		5FAB779723F179840074A866 /* Build configuration list for PBXNativeTarget "memo_app" */ = {
			isa = XCConfigurationList;
			buildConfigurations = (
				5FAB779823F179840074A866 /* Debug */,
				5FAB779923F179840074A866 /* Release */,
			);
			defaultConfigurationIsVisible = 0;
			defaultConfigurationName = Release;
		};
		5FAB779A23F179840074A866 /* Build configuration list for PBXNativeTarget "memo_appTests" */ = {
			isa = XCConfigurationList;
			buildConfigurations = (
				5FAB779B23F179840074A866 /* Debug */,
				5FAB779C23F179840074A866 /* Release */,
			);
			defaultConfigurationIsVisible = 0;
			defaultConfigurationName = Release;
		};
		5FAB779D23F179840074A866 /* Build configuration list for PBXNativeTarget "memo_appUITests" */ = {
			isa = XCConfigurationList;
			buildConfigurations = (
				5FAB779E23F179840074A866 /* Debug */,
				5FAB779F23F179840074A866 /* Release */,
			);
			defaultConfigurationIsVisible = 0;
			defaultConfigurationName = Release;
		};
/* End XCConfigurationList section */
	};
	rootObject = 5FAB776523F179810074A866 /* Project object */;
}
